{
	"name": "mrfuinext",
	"version": "0.0.1",
	"lockfileVersion": 3,
	"requires": true,
	"packages": {
		"": {
			"name": "mrfuinext",
			"version": "0.0.1",
			"devDependencies": {
				"@dnd-kit-svelte/core": "^0.0.8",
				"@dnd-kit-svelte/modifiers": "^0.0.8",
				"@dnd-kit-svelte/sortable": "^0.0.8",
				"@dnd-kit-svelte/utilities": "^0.0.8",
				"@faker-js/faker": "^10.1.0",
				"@internationalized/date": "^3.8.1",
				"@lucide/svelte": "^0.515.0",
				"@sveltejs/adapter-auto": "^6.0.0",
				"@sveltejs/kit": "^2.16.0",
				"@sveltejs/vite-plugin-svelte": "^5.0.0",
				"@tabler/icons-svelte": "^3.31.0",
				"@tailwindcss/vite": "^4.0.0",
				"@tanstack/table-core": "^8.20.5",
				"@types/d3-scale": "^4.0.8",
				"@types/d3-shape": "^3.1.7",
				"@types/node": "^25.0.10",
				"bits-ui": "^2.8.6",
				"clsx": "^2.1.1",
				"d3-scale": "^4.0.2",
				"d3-shape": "^3.2.0",
				"layerchart": "2.0.0-next.27",
				"svelte": "^5.0.0",
				"svelte-check": "^4.0.0",
				"svelte-sonner": "^1.0.5",
				"tailwind-merge": "^3.3.1",
				"tailwind-variants": "^1.0.0",
				"tailwindcss": "^4.0.0",
				"tw-animate-css": "^1.3.6",
				"typescript": "^5.0.0",
				"vaul-svelte": "^1.0.0-next.7",
				"vite": "^6.2.6",
				"zod": "^3.25.64"
			}
		},
		"node_modules/@ampproject/remapping": {
			"version": "2.3.0",
			"dev": true,
			"license": "Apache-2.0",
			"dependencies": {
				"@jridgewell/gen-mapping": "^0.3.5",
				"@jridgewell/trace-mapping": "^0.3.24"
			},
			"engines": {
				"node": ">=6.0.0"
			}
		},
		"node_modules/@dagrejs/dagre": {
			"version": "1.1.5",
			"dev": true,
			"license": "MIT",
			"dependencies": {
				"@dagrejs/graphlib": "2.2.4"
			}
		},
		"node_modules/@dagrejs/graphlib": {
			"version": "2.2.4",
			"dev": true,
			"license": "MIT",
			"engines": {
				"node": ">17.0.0"
			}
		},
		"node_modules/@dnd-kit-svelte/accessibility": {
			"version": "0.0.11",
			"resolved": "https://registry.npmjs.org/@dnd-kit-svelte/accessibility/-/accessibility-0.0.11.tgz",
			"integrity": "sha512-YkMjzabpnwELyeOSC2COV6EIGWZM8m4kgi/wIMwG0g/ZO3WWuzkMiLRLhYZqRkrEdpoz5tZnVclw+x/kcUjQHw==",
			"dev": true,
			"license": "MIT",
			"dependencies": {
				"@dnd-kit-svelte/utilities": "latest",
				"esm-env": "^1.2.2",
				"runed": "^0.23.0"
			},
			"peerDependencies": {
				"svelte": "^5.0.0"
			}
		},
		"node_modules/@dnd-kit-svelte/accessibility/node_modules/@dnd-kit-svelte/utilities": {
			"version": "0.0.11",
			"resolved": "https://registry.npmjs.org/@dnd-kit-svelte/utilities/-/utilities-0.0.11.tgz",
			"integrity": "sha512-Y9Z016gLdieHiAVoteSBa1tvrgug1/Rl5wdKw/2g1Fd4G0q9HWIyPe2evKrv8H5ePfcNegA1jN7fneDVmHd3pQ==",
			"dev": true,
			"license": "MIT",
			"dependencies": {
				"svelte-toolbelt": "^0.7.0"
			},
			"peerDependencies": {
				"svelte": "^5.0.0"
			}
		},
		"node_modules/@dnd-kit-svelte/core": {
			"version": "0.0.8",
			"dev": true,
			"license": "MIT",
			"dependencies": {
				"@dnd-kit-svelte/accessibility": "latest",
				"@dnd-kit-svelte/utilities": "latest",
				"runed": "^0.23.0",
				"svelte-toolbelt": "^0.7.0"
			},
			"peerDependencies": {
				"svelte": "^5.0.0"
			}
		},
		"node_modules/@dnd-kit-svelte/core/node_modules/@dnd-kit-svelte/utilities": {
			"version": "0.0.11",
			"resolved": "https://registry.npmjs.org/@dnd-kit-svelte/utilities/-/utilities-0.0.11.tgz",
			"integrity": "sha512-Y9Z016gLdieHiAVoteSBa1tvrgug1/Rl5wdKw/2g1Fd4G0q9HWIyPe2evKrv8H5ePfcNegA1jN7fneDVmHd3pQ==",
			"dev": true,
			"license": "MIT",
			"dependencies": {
				"svelte-toolbelt": "^0.7.0"
			},
			"peerDependencies": {
				"svelte": "^5.0.0"
			}
		},
		"node_modules/@dnd-kit-svelte/modifiers": {
			"version": "0.0.8",
			"dev": true,
			"license": "MIT",
			"dependencies": {
				"@dnd-kit-svelte/core": "latest",
				"@dnd-kit-svelte/utilities": "latest"
			},
			"peerDependencies": {
				"svelte": "^5.0.0"
			}
		},
		"node_modules/@dnd-kit-svelte/modifiers/node_modules/@dnd-kit-svelte/core": {
			"version": "0.0.11",
			"resolved": "https://registry.npmjs.org/@dnd-kit-svelte/core/-/core-0.0.11.tgz",
			"integrity": "sha512-bVqutZhSOk3nQsjwJ0SveUrPeBgUO/wajfon1AiKA8mxfQhaUG97CfoQLs7tLW3YxSkHkLPhYRw9WQat7OMB7g==",
			"dev": true,
			"license": "MIT",
			"dependencies": {
				"@dnd-kit-svelte/accessibility": "latest",
				"@dnd-kit-svelte/utilities": "latest",
				"runed": "^0.23.0",
				"svelte-toolbelt": "^0.7.0"
			},
			"peerDependencies": {
				"svelte": "^5.0.0"
			}
		},
		"node_modules/@dnd-kit-svelte/modifiers/node_modules/@dnd-kit-svelte/utilities": {
			"version": "0.0.11",
			"resolved": "https://registry.npmjs.org/@dnd-kit-svelte/utilities/-/utilities-0.0.11.tgz",
			"integrity": "sha512-Y9Z016gLdieHiAVoteSBa1tvrgug1/Rl5wdKw/2g1Fd4G0q9HWIyPe2evKrv8H5ePfcNegA1jN7fneDVmHd3pQ==",
			"dev": true,
			"license": "MIT",
			"dependencies": {
				"svelte-toolbelt": "^0.7.0"
			},
			"peerDependencies": {
				"svelte": "^5.0.0"
			}
		},
		"node_modules/@dnd-kit-svelte/sortable": {
			"version": "0.0.8",
			"dev": true,
			"license": "MIT",
			"dependencies": {
				"@dnd-kit-svelte/core": "latest",
				"@dnd-kit-svelte/utilities": "latest",
				"runed": "^0.23.0",
				"svelte-toolbelt": "^0.7.0"
			},
			"peerDependencies": {
				"svelte": "^5.0.0"
			}
		},
		"node_modules/@dnd-kit-svelte/sortable/node_modules/@dnd-kit-svelte/core": {
			"version": "0.0.11",
			"resolved": "https://registry.npmjs.org/@dnd-kit-svelte/core/-/core-0.0.11.tgz",
			"integrity": "sha512-bVqutZhSOk3nQsjwJ0SveUrPeBgUO/wajfon1AiKA8mxfQhaUG97CfoQLs7tLW3YxSkHkLPhYRw9WQat7OMB7g==",
			"dev": true,
			"license": "MIT",
			"dependencies": {
				"@dnd-kit-svelte/accessibility": "latest",
				"@dnd-kit-svelte/utilities": "latest",
				"runed": "^0.23.0",
				"svelte-toolbelt": "^0.7.0"
			},
			"peerDependencies": {
				"svelte": "^5.0.0"
			}
		},
		"node_modules/@dnd-kit-svelte/sortable/node_modules/@dnd-kit-svelte/utilities": {
			"version": "0.0.11",
			"resolved": "https://registry.npmjs.org/@dnd-kit-svelte/utilities/-/utilities-0.0.11.tgz",
			"integrity": "sha512-Y9Z016gLdieHiAVoteSBa1tvrgug1/Rl5wdKw/2g1Fd4G0q9HWIyPe2evKrv8H5ePfcNegA1jN7fneDVmHd3pQ==",
			"dev": true,
			"license": "MIT",
			"dependencies": {
				"svelte-toolbelt": "^0.7.0"
			},
			"peerDependencies": {
				"svelte": "^5.0.0"
			}
		},
		"node_modules/@dnd-kit-svelte/utilities": {
			"version": "0.0.8",
			"dev": true,
			"license": "MIT",
			"dependencies": {
				"svelte-toolbelt": "^0.7.0"
			},
			"peerDependencies": {
				"svelte": "^5.0.0"
			}
		},
		"node_modules/@esbuild/darwin-arm64": {
			"version": "0.25.8",
			"cpu": [
				"arm64"
			],
			"dev": true,
			"license": "MIT",
			"optional": true,
			"os": [
				"darwin"
			],
			"engines": {
				"node": ">=18"
			}
		},
		"node_modules/@faker-js/faker": {
			"version": "10.1.0",
			"dev": true,
			"funding": [
				{
					"type": "opencollective",
					"url": "https://opencollective.com/fakerjs"
				}
			],
			"license": "MIT",
			"engines": {
				"node": "^20.19.0 || ^22.13.0 || ^23.5.0 || >=24.0.0",
				"npm": ">=10"
			}
		},
		"node_modules/@floating-ui/core": {
			"version": "1.7.3",
			"dev": true,
			"license": "MIT",
			"dependencies": {
				"@floating-ui/utils": "^0.2.10"
			}
		},
		"node_modules/@floating-ui/dom": {
			"version": "1.7.3",
			"dev": true,
			"license": "MIT",
			"dependencies": {
				"@floating-ui/core": "^1.7.3",
				"@floating-ui/utils": "^0.2.10"
			}
		},
		"node_modules/@floating-ui/utils": {
			"version": "0.2.10",
			"dev": true,
			"license": "MIT"
		},
		"node_modules/@internationalized/date": {
			"version": "3.8.2",
			"dev": true,
			"license": "Apache-2.0",
			"dependencies": {
				"@swc/helpers": "^0.5.0"
			}
		},
		"node_modules/@isaacs/fs-minipass": {
			"version": "4.0.1",
			"dev": true,
			"license": "ISC",
			"dependencies": {
				"minipass": "^7.0.4"
			},
			"engines": {
				"node": ">=18.0.0"
			}
		},
		"node_modules/@jridgewell/gen-mapping": {
			"version": "0.3.13",
			"dev": true,
			"license": "MIT",
			"dependencies": {
				"@jridgewell/sourcemap-codec": "^1.5.0",
				"@jridgewell/trace-mapping": "^0.3.24"
			}
		},
		"node_modules/@jridgewell/remapping": {
			"version": "2.3.5",
			"dev": true,
			"license": "MIT",
			"dependencies": {
				"@jridgewell/gen-mapping": "^0.3.5",
				"@jridgewell/trace-mapping": "^0.3.24"
			}
		},
		"node_modules/@jridgewell/resolve-uri": {
			"version": "3.1.2",
			"dev": true,
			"license": "MIT",
			"engines": {
				"node": ">=6.0.0"
			}
		},
		"node_modules/@jridgewell/sourcemap-codec": {
			"version": "1.5.5",
			"dev": true,
			"license": "MIT"
		},
		"node_modules/@jridgewell/trace-mapping": {
			"version": "0.3.30",
			"dev": true,
			"license": "MIT",
			"dependencies": {
				"@jridgewell/resolve-uri": "^3.1.0",
				"@jridgewell/sourcemap-codec": "^1.4.14"
			}
		},
		"node_modules/@layerstack/svelte-actions": {
			"version": "1.0.1-next.12",
			"dev": true,
			"license": "MIT",
			"dependencies": {
				"@floating-ui/dom": "^1.7.0",
				"@layerstack/utils": "2.0.0-next.12",
				"d3-scale": "^4.0.2"
			}
		},
		"node_modules/@layerstack/svelte-state": {
			"version": "0.1.0-next.17",
			"dev": true,
			"license": "MIT",
			"dependencies": {
				"@layerstack/utils": "2.0.0-next.12"
			}
		},
		"node_modules/@layerstack/tailwind": {
			"version": "2.0.0-next.15",
			"dev": true,
			"license": "MIT",
			"dependencies": {
				"@layerstack/utils": "^2.0.0-next.12",
				"clsx": "^2.1.1",
				"d3-array": "^3.2.4",
				"lodash-es": "^4.17.21",
				"tailwind-merge": "^3.2.0"
			}
		},
		"node_modules/@layerstack/utils": {
			"version": "2.0.0-next.12",
			"dev": true,
			"license": "MIT",
			"dependencies": {
				"d3-array": "^3.2.4",
				"d3-time": "^3.1.0",
				"d3-time-format": "^4.1.0",
				"lodash-es": "^4.17.21"
			}
		},
		"node_modules/@lucide/svelte": {
			"version": "0.515.0",
			"dev": true,
			"license": "ISC",
			"peerDependencies": {
				"svelte": "^5"
			}
		},
		"node_modules/@polka/url": {
			"version": "1.0.0-next.29",
			"dev": true,
			"license": "MIT"
		},
		"node_modules/@rollup/rollup-darwin-arm64": {
			"version": "4.46.2",
			"cpu": [
				"arm64"
			],
			"dev": true,
			"license": "MIT",
			"optional": true,
			"os": [
				"darwin"
			]
		},
		"node_modules/@standard-schema/spec": {
			"version": "1.0.0",
			"dev": true,
			"license": "MIT"
		},
		"node_modules/@sveltejs/acorn-typescript": {
			"version": "1.0.5",
			"dev": true,
			"license": "MIT",
			"peerDependencies": {
				"acorn": "^8.9.0"
			}
		},
		"node_modules/@sveltejs/adapter-auto": {
			"version": "6.1.0",
			"dev": true,
			"license": "MIT",
			"peerDependencies": {
				"@sveltejs/kit": "^2.0.0"
			}
		},
		"node_modules/@sveltejs/kit": {
			"version": "2.28.0",
			"dev": true,
			"license": "MIT",
			"dependencies": {
				"@standard-schema/spec": "^1.0.0",
				"@sveltejs/acorn-typescript": "^1.0.5",
				"@types/cookie": "^0.6.0",
				"acorn": "^8.14.1",
				"cookie": "^0.6.0",
				"devalue": "^5.1.0",
				"esm-env": "^1.2.2",
				"kleur": "^4.1.5",
				"magic-string": "^0.30.5",
				"mrmime": "^2.0.0",
				"sade": "^1.8.1",
				"set-cookie-parser": "^2.6.0",
				"sirv": "^3.0.0"
			},
			"bin": {
				"svelte-kit": "svelte-kit.js"
			},
			"engines": {
				"node": ">=18.13"
			},
			"peerDependencies": {
				"@sveltejs/vite-plugin-svelte": "^3.0.0 || ^4.0.0-next.1 || ^5.0.0 || ^6.0.0-next.0",
				"svelte": "^4.0.0 || ^5.0.0-next.0",
				"vite": "^5.0.3 || ^6.0.0 || ^7.0.0-beta.0"
			}
		},
		"node_modules/@sveltejs/vite-plugin-svelte": {
			"version": "5.1.1",
			"dev": true,
			"license": "MIT",
			"dependencies": {
				"@sveltejs/vite-plugin-svelte-inspector": "^4.0.1",
				"debug": "^4.4.1",
				"deepmerge": "^4.3.1",
				"kleur": "^4.1.5",
				"magic-string": "^0.30.17",
				"vitefu": "^1.0.6"
			},
			"engines": {
				"node": "^18.0.0 || ^20.0.0 || >=22"
			},
			"peerDependencies": {
				"svelte": "^5.0.0",
				"vite": "^6.0.0"
			}
		},
		"node_modules/@sveltejs/vite-plugin-svelte-inspector": {
			"version": "4.0.1",
			"dev": true,
			"license": "MIT",
			"dependencies": {
				"debug": "^4.3.7"
			},
			"engines": {
				"node": "^18.0.0 || ^20.0.0 || >=22"
			},
			"peerDependencies": {
				"@sveltejs/vite-plugin-svelte": "^5.0.0",
				"svelte": "^5.0.0",
				"vite": "^6.0.0"
			}
		},
		"node_modules/@swc/helpers": {
			"version": "0.5.17",
			"dev": true,
			"license": "Apache-2.0",
			"dependencies": {
				"tslib": "^2.8.0"
			}
		},
		"node_modules/@tabler/icons": {
			"version": "3.34.1",
			"dev": true,
			"license": "MIT",
			"funding": {
				"type": "github",
				"url": "https://github.com/sponsors/codecalm"
			}
		},
		"node_modules/@tabler/icons-svelte": {
			"version": "3.34.1",
			"dev": true,
			"license": "MIT",
			"dependencies": {
				"@tabler/icons": "3.34.1"
			},
			"funding": {
				"type": "github",
				"url": "https://github.com/sponsors/codecalm"
			},
			"peerDependencies": {
				"svelte": ">=3 <6 || >=5.0.0-next.0"
			}
		},
		"node_modules/@tailwindcss/node": {
			"version": "4.1.11",
			"dev": true,
			"license": "MIT",
			"dependencies": {
				"@ampproject/remapping": "^2.3.0",
				"enhanced-resolve": "^5.18.1",
				"jiti": "^2.4.2",
				"lightningcss": "1.30.1",
				"magic-string": "^0.30.17",
				"source-map-js": "^1.2.1",
				"tailwindcss": "4.1.11"
			}
		},
		"node_modules/@tailwindcss/oxide": {
			"version": "4.1.11",
			"dev": true,
			"hasInstallScript": true,
			"license": "MIT",
			"dependencies": {
				"detect-libc": "^2.0.4",
				"tar": "^7.4.3"
			},
			"engines": {
				"node": ">= 10"
			},
			"optionalDependencies": {
				"@tailwindcss/oxide-android-arm64": "4.1.11",
				"@tailwindcss/oxide-darwin-arm64": "4.1.11",
				"@tailwindcss/oxide-darwin-x64": "4.1.11",
				"@tailwindcss/oxide-freebsd-x64": "4.1.11",
				"@tailwindcss/oxide-linux-arm-gnueabihf": "4.1.11",
				"@tailwindcss/oxide-linux-arm64-gnu": "4.1.11",
				"@tailwindcss/oxide-linux-arm64-musl": "4.1.11",
				"@tailwindcss/oxide-linux-x64-gnu": "4.1.11",
				"@tailwindcss/oxide-linux-x64-musl": "4.1.11",
				"@tailwindcss/oxide-wasm32-wasi": "4.1.11",
				"@tailwindcss/oxide-win32-arm64-msvc": "4.1.11",
				"@tailwindcss/oxide-win32-x64-msvc": "4.1.11"
			}
		},
		"node_modules/@tailwindcss/oxide-darwin-arm64": {
			"version": "4.1.11",
			"cpu": [
				"arm64"
			],
			"dev": true,
			"license": "MIT",
			"optional": true,
			"os": [
				"darwin"
			],
			"engines": {
				"node": ">= 10"
			}
		},
		"node_modules/@tailwindcss/vite": {
			"version": "4.1.11",
			"dev": true,
			"license": "MIT",
			"dependencies": {
				"@tailwindcss/node": "4.1.11",
				"@tailwindcss/oxide": "4.1.11",
				"tailwindcss": "4.1.11"
			},
			"peerDependencies": {
				"vite": "^5.2.0 || ^6 || ^7"
			}
		},
		"node_modules/@tanstack/table-core": {
			"version": "8.21.3",
			"dev": true,
			"license": "MIT",
			"engines": {
				"node": ">=12"
			},
			"funding": {
				"type": "github",
				"url": "https://github.com/sponsors/tannerlinsley"
			}
		},
		"node_modules/@types/cookie": {
			"version": "0.6.0",
			"dev": true,
			"license": "MIT"
		},
		"node_modules/@types/d3-path": {
			"version": "3.1.1",
			"dev": true,
			"license": "MIT"
		},
		"node_modules/@types/d3-scale": {
			"version": "4.0.9",
			"dev": true,
			"license": "MIT",
			"dependencies": {
				"@types/d3-time": "*"
			}
		},
		"node_modules/@types/d3-shape": {
			"version": "3.1.7",
			"dev": true,
			"license": "MIT",
			"dependencies": {
				"@types/d3-path": "*"
			}
		},
		"node_modules/@types/d3-time": {
			"version": "3.0.4",
			"dev": true,
			"license": "MIT"
		},
		"node_modules/@types/estree": {
			"version": "1.0.8",
			"dev": true,
			"license": "MIT"
		},
		"node_modules/@types/node": {
			"version": "25.0.10",
			"resolved": "https://registry.npmjs.org/@types/node/-/node-25.0.10.tgz",
			"integrity": "sha512-zWW5KPngR/yvakJgGOmZ5vTBemDoSqF3AcV/LrO5u5wTWyEAVVh+IT39G4gtyAkh3CtTZs8aX/yRM82OfzHJRg==",
			"dev": true,
			"license": "MIT",
			"dependencies": {
				"undici-types": "~7.16.0"
			}
		},
		"node_modules/acorn": {
			"version": "8.15.0",
			"dev": true,
			"license": "MIT",
			"bin": {
				"acorn": "bin/acorn"
			},
			"engines": {
				"node": ">=0.4.0"
			}
		},
		"node_modules/aria-query": {
			"version": "5.3.2",
			"dev": true,
			"license": "Apache-2.0",
			"engines": {
				"node": ">= 0.4"
			}
		},
		"node_modules/axobject-query": {
			"version": "4.1.0",
			"dev": true,
			"license": "Apache-2.0",
			"engines": {
				"node": ">= 0.4"
			}
		},
		"node_modules/bits-ui": {
			"version": "2.9.2",
			"dev": true,
			"license": "MIT",
			"dependencies": {
				"@floating-ui/core": "^1.7.1",
				"@floating-ui/dom": "^1.7.1",
				"esm-env": "^1.1.2",
				"runed": "^0.29.1",
				"svelte-toolbelt": "^0.9.3",
				"tabbable": "^6.2.0"
			},
			"engines": {
				"node": ">=20"
			},
			"funding": {
				"url": "https://github.com/sponsors/huntabyte"
			},
			"peerDependencies": {
				"@internationalized/date": "^3.8.1",
				"svelte": "^5.33.0"
			}
		},
		"node_modules/bits-ui/node_modules/runed": {
			"version": "0.29.2",
			"dev": true,
			"funding": [
				"https://github.com/sponsors/huntabyte",
				"https://github.com/sponsors/tglide"
			],
			"license": "MIT",
			"dependencies": {
				"esm-env": "^1.0.0"
			},
			"peerDependencies": {
				"svelte": "^5.7.0"
			}
		},
		"node_modules/bits-ui/node_modules/svelte-toolbelt": {
			"version": "0.9.3",
			"dev": true,
			"funding": [
				"https://github.com/sponsors/huntabyte"
			],
			"dependencies": {
				"clsx": "^2.1.1",
				"runed": "^0.29.0",
				"style-to-object": "^1.0.8"
			},
			"engines": {
				"node": ">=18",
				"pnpm": ">=8.7.0"
			},
			"peerDependencies": {
				"svelte": "^5.30.2"
			}
		},
		"node_modules/chokidar": {
			"version": "4.0.3",
			"dev": true,
			"license": "MIT",
			"dependencies": {
				"readdirp": "^4.0.1"
			},
			"engines": {
				"node": ">= 14.16.0"
			},
			"funding": {
				"url": "https://paulmillr.com/funding/"
			}
		},
		"node_modules/chownr": {
			"version": "3.0.0",
			"dev": true,
			"license": "BlueOak-1.0.0",
			"engines": {
				"node": ">=18"
			}
		},
		"node_modules/clsx": {
			"version": "2.1.1",
			"dev": true,
			"license": "MIT",
			"engines": {
				"node": ">=6"
			}
		},
		"node_modules/commander": {
			"version": "7.2.0",
			"dev": true,
			"license": "MIT",
			"engines": {
				"node": ">= 10"
			}
		},
		"node_modules/cookie": {
			"version": "0.6.0",
			"dev": true,
			"license": "MIT",
			"engines": {
				"node": ">= 0.6"
			}
		},
		"node_modules/d3-array": {
			"version": "3.2.4",
			"dev": true,
			"license": "ISC",
			"dependencies": {
				"internmap": "1 - 2"
			},
			"engines": {
				"node": ">=12"
			}
		},
		"node_modules/d3-color": {
			"version": "3.1.0",
			"dev": true,
			"license": "ISC",
			"engines": {
				"node": ">=12"
			}
		},
		"node_modules/d3-delaunay": {
			"version": "6.0.4",
			"dev": true,
			"license": "ISC",
			"dependencies": {
				"delaunator": "5"
			},
			"engines": {
				"node": ">=12"
			}
		},
		"node_modules/d3-dispatch": {
			"version": "3.0.1",
			"dev": true,
			"license": "ISC",
			"engines": {
				"node": ">=12"
			}
		},
		"node_modules/d3-dsv": {
			"version": "3.0.1",
			"dev": true,
			"license": "ISC",
			"dependencies": {
				"commander": "7",
				"iconv-lite": "0.6",
				"rw": "1"
			},
			"bin": {
				"csv2json": "bin/dsv2json.js",
				"csv2tsv": "bin/dsv2dsv.js",
				"dsv2dsv": "bin/dsv2dsv.js",
				"dsv2json": "bin/dsv2json.js",
				"json2csv": "bin/json2dsv.js",
				"json2dsv": "bin/json2dsv.js",
				"json2tsv": "bin/json2dsv.js",
				"tsv2csv": "bin/dsv2dsv.js",
				"tsv2json": "bin/dsv2json.js"
			},
			"engines": {
				"node": ">=12"
			}
		},
		"node_modules/d3-force": {
			"version": "3.0.0",
			"dev": true,
			"license": "ISC",
			"dependencies": {
				"d3-dispatch": "1 - 3",
				"d3-quadtree": "1 - 3",
				"d3-timer": "1 - 3"
			},
			"engines": {
				"node": ">=12"
			}
		},
		"node_modules/d3-format": {
			"version": "3.1.0",
			"dev": true,
			"license": "ISC",
			"engines": {
				"node": ">=12"
			}
		},
		"node_modules/d3-geo": {
			"version": "3.1.1",
			"dev": true,
			"license": "ISC",
			"dependencies": {
				"d3-array": "2.5.0 - 3"
			},
			"engines": {
				"node": ">=12"
			}
		},
		"node_modules/d3-geo-voronoi": {
			"version": "2.1.0",
			"dev": true,
			"license": "ISC",
			"dependencies": {
				"d3-array": "3",
				"d3-delaunay": "6",
				"d3-geo": "3",
				"d3-tricontour": "1"
			},
			"engines": {
				"node": ">=12"
			}
		},
		"node_modules/d3-hierarchy": {
			"version": "3.1.2",
			"dev": true,
			"license": "ISC",
			"engines": {
				"node": ">=12"
			}
		},
		"node_modules/d3-interpolate": {
			"version": "3.0.1",
			"dev": true,
			"license": "ISC",
			"dependencies": {
				"d3-color": "1 - 3"
			},
			"engines": {
				"node": ">=12"
			}
		},
		"node_modules/d3-interpolate-path": {
			"version": "2.3.0",
			"dev": true,
			"license": "BSD-3-Clause"
		},
		"node_modules/d3-path": {
			"version": "3.1.0",
			"dev": true,
			"license": "ISC",
			"engines": {
				"node": ">=12"
			}
		},
		"node_modules/d3-quadtree": {
			"version": "3.0.1",
			"dev": true,
			"license": "ISC",
			"engines": {
				"node": ">=12"
			}
		},
		"node_modules/d3-random": {
			"version": "3.0.1",
			"dev": true,
			"license": "ISC",
			"engines": {
				"node": ">=12"
			}
		},
		"node_modules/d3-sankey": {
			"version": "0.12.3",
			"dev": true,
			"license": "BSD-3-Clause",
			"dependencies": {
				"d3-array": "1 - 2",
				"d3-shape": "^1.2.0"
			}
		},
		"node_modules/d3-sankey/node_modules/d3-array": {
			"version": "2.12.1",
			"dev": true,
			"license": "BSD-3-Clause",
			"dependencies": {
				"internmap": "^1.0.0"
			}
		},
		"node_modules/d3-sankey/node_modules/d3-array/node_modules/internmap": {
			"version": "1.0.1",
			"dev": true,
			"license": "ISC"
		},
		"node_modules/d3-sankey/node_modules/d3-shape": {
			"version": "1.3.7",
			"dev": true,
			"license": "BSD-3-Clause",
			"dependencies": {
				"d3-path": "1"
			}
		},
		"node_modules/d3-sankey/node_modules/d3-shape/node_modules/d3-path": {
			"version": "1.0.9",
			"dev": true,
			"license": "BSD-3-Clause"
		},
		"node_modules/d3-scale": {
			"version": "4.0.2",
			"dev": true,
			"license": "ISC",
			"dependencies": {
				"d3-array": "2.10.0 - 3",
				"d3-format": "1 - 3",
				"d3-interpolate": "1.2.0 - 3",
				"d3-time": "2.1.1 - 3",
				"d3-time-format": "2 - 4"
			},
			"engines": {
				"node": ">=12"
			}
		},
		"node_modules/d3-scale-chromatic": {
			"version": "3.1.0",
			"dev": true,
			"license": "ISC",
			"dependencies": {
				"d3-color": "1 - 3",
				"d3-interpolate": "1 - 3"
			},
			"engines": {
				"node": ">=12"
			}
		},
		"node_modules/d3-shape": {
			"version": "3.2.0",
			"dev": true,
			"license": "ISC",
			"dependencies": {
				"d3-path": "^3.1.0"
			},
			"engines": {
				"node": ">=12"
			}
		},
		"node_modules/d3-tile": {
			"version": "1.0.0",
			"dev": true,
			"license": "BSD-3-Clause"
		},
		"node_modules/d3-time": {
			"version": "3.1.0",
			"dev": true,
			"license": "ISC",
			"dependencies": {
				"d3-array": "2 - 3"
			},
			"engines": {
				"node": ">=12"
			}
		},
		"node_modules/d3-time-format": {
			"version": "4.1.0",
			"dev": true,
			"license": "ISC",
			"dependencies": {
				"d3-time": "1 - 3"
			},
			"engines": {
				"node": ">=12"
			}
		},
		"node_modules/d3-timer": {
			"version": "3.0.1",
			"dev": true,
			"license": "ISC",
			"engines": {
				"node": ">=12"
			}
		},
		"node_modules/d3-tricontour": {
			"version": "1.0.2",
			"dev": true,
			"license": "ISC",
			"dependencies": {
				"d3-delaunay": "6",
				"d3-scale": "4"
			},
			"engines": {
				"node": ">=12"
			}
		},
		"node_modules/debug": {
			"version": "4.4.1",
			"dev": true,
			"license": "MIT",
			"dependencies": {
				"ms": "^2.1.3"
			},
			"engines": {
				"node": ">=6.0"
			},
			"peerDependenciesMeta": {
				"supports-color": {
					"optional": true
				}
			}
		},
		"node_modules/deepmerge": {
			"version": "4.3.1",
			"dev": true,
			"license": "MIT",
			"engines": {
				"node": ">=0.10.0"
			}
		},
		"node_modules/delaunator": {
			"version": "5.0.1",
			"dev": true,
			"license": "ISC",
			"dependencies": {
				"robust-predicates": "^3.0.2"
			}
		},
		"node_modules/detect-libc": {
			"version": "2.0.4",
			"dev": true,
			"license": "Apache-2.0",
			"engines": {
				"node": ">=8"
			}
		},
		"node_modules/devalue": {
			"version": "5.1.1",
			"dev": true,
			"license": "MIT"
		},
		"node_modules/enhanced-resolve": {
			"version": "5.18.3",
			"dev": true,
			"license": "MIT",
			"dependencies": {
				"graceful-fs": "^4.2.4",
				"tapable": "^2.2.0"
			},
			"engines": {
				"node": ">=10.13.0"
			}
		},
		"node_modules/esbuild": {
			"version": "0.25.8",
			"dev": true,
			"hasInstallScript": true,
			"license": "MIT",
			"bin": {
				"esbuild": "bin/esbuild"
			},
			"engines": {
				"node": ">=18"
			},
			"optionalDependencies": {
				"@esbuild/aix-ppc64": "0.25.8",
				"@esbuild/android-arm": "0.25.8",
				"@esbuild/android-arm64": "0.25.8",
				"@esbuild/android-x64": "0.25.8",
				"@esbuild/darwin-arm64": "0.25.8",
				"@esbuild/darwin-x64": "0.25.8",
				"@esbuild/freebsd-arm64": "0.25.8",
				"@esbuild/freebsd-x64": "0.25.8",
				"@esbuild/linux-arm": "0.25.8",
				"@esbuild/linux-arm64": "0.25.8",
				"@esbuild/linux-ia32": "0.25.8",
				"@esbuild/linux-loong64": "0.25.8",
				"@esbuild/linux-mips64el": "0.25.8",
				"@esbuild/linux-ppc64": "0.25.8",
				"@esbuild/linux-riscv64": "0.25.8",
				"@esbuild/linux-s390x": "0.25.8",
				"@esbuild/linux-x64": "0.25.8",
				"@esbuild/netbsd-arm64": "0.25.8",
				"@esbuild/netbsd-x64": "0.25.8",
				"@esbuild/openbsd-arm64": "0.25.8",
				"@esbuild/openbsd-x64": "0.25.8",
				"@esbuild/openharmony-arm64": "0.25.8",
				"@esbuild/sunos-x64": "0.25.8",
				"@esbuild/win32-arm64": "0.25.8",
				"@esbuild/win32-ia32": "0.25.8",
				"@esbuild/win32-x64": "0.25.8"
			}
		},
		"node_modules/esm-env": {
			"version": "1.2.2",
			"dev": true,
			"license": "MIT"
		},
		"node_modules/esrap": {
			"version": "2.1.0",
			"dev": true,
			"license": "MIT",
			"dependencies": {
				"@jridgewell/sourcemap-codec": "^1.4.15"
			}
		},
		"node_modules/fdir": {
			"version": "6.4.6",
			"dev": true,
			"license": "MIT",
			"peerDependencies": {
				"picomatch": "^3 || ^4"
			},
			"peerDependenciesMeta": {
				"picomatch": {
					"optional": true
				}
			}
		},
		"node_modules/fsevents": {
			"version": "2.3.3",
			"dev": true,
			"license": "MIT",
			"optional": true,
			"os": [
				"darwin"
			],
			"engines": {
				"node": "^8.16.0 || ^10.6.0 || >=11.0.0"
			}
		},
		"node_modules/graceful-fs": {
			"version": "4.2.11",
			"dev": true,
			"license": "ISC"
		},
		"node_modules/iconv-lite": {
			"version": "0.6.3",
			"dev": true,
			"license": "MIT",
			"dependencies": {
				"safer-buffer": ">= 2.1.2 < 3.0.0"
			},
			"engines": {
				"node": ">=0.10.0"
			}
		},
		"node_modules/inline-style-parser": {
			"version": "0.2.4",
			"dev": true,
			"license": "MIT"
		},
		"node_modules/internmap": {
			"version": "2.0.3",
			"dev": true,
			"license": "ISC",
			"engines": {
				"node": ">=12"
			}
		},
		"node_modules/is-reference": {
			"version": "3.0.3",
			"dev": true,
			"license": "MIT",
			"dependencies": {
				"@types/estree": "^1.0.6"
			}
		},
		"node_modules/jiti": {
			"version": "2.5.1",
			"dev": true,
			"license": "MIT",
			"bin": {
				"jiti": "lib/jiti-cli.mjs"
			}
		},
		"node_modules/kleur": {
			"version": "4.1.5",
			"dev": true,
			"license": "MIT",
			"engines": {
				"node": ">=6"
			}
		},
		"node_modules/layerchart": {
			"version": "2.0.0-next.27",
			"dev": true,
			"license": "MIT",
			"dependencies": {
				"@dagrejs/dagre": "^1.1.4",
				"@layerstack/svelte-actions": "1.0.1-next.12",
				"@layerstack/svelte-state": "0.1.0-next.17",
				"@layerstack/tailwind": "2.0.0-next.15",
				"@layerstack/utils": "2.0.0-next.12",
				"d3-array": "^3.2.4",
				"d3-color": "^3.1.0",
				"d3-delaunay": "^6.0.4",
				"d3-dsv": "^3.0.1",
				"d3-force": "^3.0.0",
				"d3-geo": "^3.1.1",
				"d3-geo-voronoi": "^2.1.0",
				"d3-hierarchy": "^3.1.2",
				"d3-interpolate": "^3.0.1",
				"d3-interpolate-path": "^2.3.0",
				"d3-path": "^3.1.0",
				"d3-quadtree": "^3.0.1",
				"d3-random": "^3.0.1",
				"d3-sankey": "^0.12.3",
				"d3-scale": "^4.0.2",
				"d3-scale-chromatic": "^3.1.0",
				"d3-shape": "^3.2.0",
				"d3-tile": "^1.0.0",
				"d3-time": "^3.1.0",
				"lodash-es": "^4.17.21",
				"memoize": "^10.1.0",
				"runed": "^0.28.0"
			},
			"peerDependencies": {
				"svelte": "^5.0.0"
			}
		},
		"node_modules/layerchart/node_modules/runed": {
			"version": "0.28.0",
			"dev": true,
			"funding": [
				"https://github.com/sponsors/huntabyte",
				"https://github.com/sponsors/tglide"
			],
			"license": "MIT",
			"dependencies": {
				"esm-env": "^1.0.0"
			},
			"peerDependencies": {
				"svelte": "^5.7.0"
			}
		},
		"node_modules/lightningcss": {
			"version": "1.30.1",
			"dev": true,
			"license": "MPL-2.0",
			"dependencies": {
				"detect-libc": "^2.0.3"
			},
			"engines": {
				"node": ">= 12.0.0"
			},
			"funding": {
				"type": "opencollective",
				"url": "https://opencollective.com/parcel"
			},
			"optionalDependencies": {
				"lightningcss-darwin-arm64": "1.30.1",
				"lightningcss-darwin-x64": "1.30.1",
				"lightningcss-freebsd-x64": "1.30.1",
				"lightningcss-linux-arm-gnueabihf": "1.30.1",
				"lightningcss-linux-arm64-gnu": "1.30.1",
				"lightningcss-linux-arm64-musl": "1.30.1",
				"lightningcss-linux-x64-gnu": "1.30.1",
				"lightningcss-linux-x64-musl": "1.30.1",
				"lightningcss-win32-arm64-msvc": "1.30.1",
				"lightningcss-win32-x64-msvc": "1.30.1"
			}
		},
		"node_modules/lightningcss-darwin-arm64": {
			"version": "1.30.1",
			"cpu": [
				"arm64"
			],
			"dev": true,
			"license": "MPL-2.0",
			"optional": true,
			"os": [
				"darwin"
			],
			"engines": {
				"node": ">= 12.0.0"
			},
			"funding": {
				"type": "opencollective",
				"url": "https://opencollective.com/parcel"
			}
		},
		"node_modules/locate-character": {
			"version": "3.0.0",
			"dev": true,
			"license": "MIT"
		},
		"node_modules/lodash-es": {
			"version": "4.17.21",
			"dev": true,
			"license": "MIT"
		},
		"node_modules/magic-string": {
			"version": "0.30.17",
			"dev": true,
			"license": "MIT",
			"dependencies": {
				"@jridgewell/sourcemap-codec": "^1.5.0"
			}
		},
		"node_modules/memoize": {
			"version": "10.1.0",
			"dev": true,
			"license": "MIT",
			"dependencies": {
				"mimic-function": "^5.0.1"
			},
			"engines": {
				"node": ">=18"
			},
			"funding": {
				"url": "https://github.com/sindresorhus/memoize?sponsor=1"
			}
		},
		"node_modules/mimic-function": {
			"version": "5.0.1",
			"dev": true,
			"license": "MIT",
			"engines": {
				"node": ">=18"
			},
			"funding": {
				"url": "https://github.com/sponsors/sindresorhus"
			}
		},
		"node_modules/minipass": {
			"version": "7.1.2",
			"dev": true,
			"license": "ISC",
			"engines": {
				"node": ">=16 || 14 >=14.17"
			}
		},
		"node_modules/minizlib": {
			"version": "3.0.2",
			"dev": true,
			"license": "MIT",
			"dependencies": {
				"minipass": "^7.1.2"
			},
			"engines": {
				"node": ">= 18"
			}
		},
		"node_modules/mkdirp": {
			"version": "3.0.1",
			"dev": true,
			"license": "MIT",
			"bin": {
				"mkdirp": "dist/cjs/src/bin.js"
			},
			"engines": {
				"node": ">=10"
			},
			"funding": {
				"url": "https://github.com/sponsors/isaacs"
			}
		},
		"node_modules/mri": {
			"version": "1.2.0",
			"dev": true,
			"license": "MIT",
			"engines": {
				"node": ">=4"
			}
		},
		"node_modules/mrmime": {
			"version": "2.0.1",
			"dev": true,
			"license": "MIT",
			"engines": {
				"node": ">=10"
			}
		},
		"node_modules/ms": {
			"version": "2.1.3",
			"dev": true,
			"license": "MIT"
		},
		"node_modules/nanoid": {
			"version": "3.3.11",
			"dev": true,
			"funding": [
				{
					"type": "github",
					"url": "https://github.com/sponsors/ai"
				}
			],
			"license": "MIT",
			"bin": {
				"nanoid": "bin/nanoid.cjs"
			},
			"engines": {
				"node": "^10 || ^12 || ^13.7 || ^14 || >=15.0.1"
			}
		},
		"node_modules/picocolors": {
			"version": "1.1.1",
			"dev": true,
			"license": "ISC"
		},
		"node_modules/picomatch": {
			"version": "4.0.3",
			"dev": true,
			"license": "MIT",
			"engines": {
				"node": ">=12"
			},
			"funding": {
				"url": "https://github.com/sponsors/jonschlinkert"
			}
		},
		"node_modules/postcss": {
			"version": "8.5.6",
			"dev": true,
			"funding": [
				{
					"type": "opencollective",
					"url": "https://opencollective.com/postcss/"
				},
				{
					"type": "tidelift",
					"url": "https://tidelift.com/funding/github/npm/postcss"
				},
				{
					"type": "github",
					"url": "https://github.com/sponsors/ai"
				}
			],
			"license": "MIT",
			"dependencies": {
				"nanoid": "^3.3.11",
				"picocolors": "^1.1.1",
				"source-map-js": "^1.2.1"
			},
			"engines": {
				"node": "^10 || ^12 || >=14"
			}
		},
		"node_modules/readdirp": {
			"version": "4.1.2",
			"dev": true,
			"license": "MIT",
			"engines": {
				"node": ">= 14.18.0"
			},
			"funding": {
				"type": "individual",
				"url": "https://paulmillr.com/funding/"
			}
		},
		"node_modules/robust-predicates": {
			"version": "3.0.2",
			"dev": true,
			"license": "Unlicense"
		},
		"node_modules/rollup": {
			"version": "4.46.2",
			"dev": true,
			"license": "MIT",
			"dependencies": {
				"@types/estree": "1.0.8"
			},
			"bin": {
				"rollup": "dist/bin/rollup"
			},
			"engines": {
				"node": ">=18.0.0",
				"npm": ">=8.0.0"
			},
			"optionalDependencies": {
				"@rollup/rollup-android-arm-eabi": "4.46.2",
				"@rollup/rollup-android-arm64": "4.46.2",
				"@rollup/rollup-darwin-arm64": "4.46.2",
				"@rollup/rollup-darwin-x64": "4.46.2",
				"@rollup/rollup-freebsd-arm64": "4.46.2",
				"@rollup/rollup-freebsd-x64": "4.46.2",
				"@rollup/rollup-linux-arm-gnueabihf": "4.46.2",
				"@rollup/rollup-linux-arm-musleabihf": "4.46.2",
				"@rollup/rollup-linux-arm64-gnu": "4.46.2",
				"@rollup/rollup-linux-arm64-musl": "4.46.2",
				"@rollup/rollup-linux-loongarch64-gnu": "4.46.2",
				"@rollup/rollup-linux-ppc64-gnu": "4.46.2",
				"@rollup/rollup-linux-riscv64-gnu": "4.46.2",
				"@rollup/rollup-linux-riscv64-musl": "4.46.2",
				"@rollup/rollup-linux-s390x-gnu": "4.46.2",
				"@rollup/rollup-linux-x64-gnu": "4.46.2",
				"@rollup/rollup-linux-x64-musl": "4.46.2",
				"@rollup/rollup-win32-arm64-msvc": "4.46.2",
				"@rollup/rollup-win32-ia32-msvc": "4.46.2",
				"@rollup/rollup-win32-x64-msvc": "4.46.2",
				"fsevents": "~2.3.2"
			}
		},
		"node_modules/runed": {
			"version": "0.23.4",
			"dev": true,
			"funding": [
				"https://github.com/sponsors/huntabyte",
				"https://github.com/sponsors/tglide"
			],
			"dependencies": {
				"esm-env": "^1.0.0"
			},
			"peerDependencies": {
				"svelte": "^5.7.0"
			}
		},
		"node_modules/rw": {
			"version": "1.3.3",
			"dev": true,
			"license": "BSD-3-Clause"
		},
		"node_modules/sade": {
			"version": "1.8.1",
			"dev": true,
			"license": "MIT",
			"dependencies": {
				"mri": "^1.1.0"
			},
			"engines": {
				"node": ">=6"
			}
		},
		"node_modules/safer-buffer": {
			"version": "2.1.2",
			"dev": true,
			"license": "MIT"
		},
		"node_modules/set-cookie-parser": {
			"version": "2.7.1",
			"dev": true,
			"license": "MIT"
		},
		"node_modules/sirv": {
			"version": "3.0.1",
			"dev": true,
			"license": "MIT",
			"dependencies": {
				"@polka/url": "^1.0.0-next.24",
				"mrmime": "^2.0.0",
				"totalist": "^3.0.0"
			},
			"engines": {
				"node": ">=18"
			}
		},
		"node_modules/source-map-js": {
			"version": "1.2.1",
			"dev": true,
			"license": "BSD-3-Clause",
			"engines": {
				"node": ">=0.10.0"
			}
		},
		"node_modules/style-to-object": {
			"version": "1.0.9",
			"dev": true,
			"license": "MIT",
			"dependencies": {
				"inline-style-parser": "0.2.4"
			}
		},
		"node_modules/svelte": {
			"version": "5.38.1",
			"dev": true,
			"license": "MIT",
			"dependencies": {
				"@jridgewell/remapping": "^2.3.4",
				"@jridgewell/sourcemap-codec": "^1.5.0",
				"@sveltejs/acorn-typescript": "^1.0.5",
				"@types/estree": "^1.0.5",
				"acorn": "^8.12.1",
				"aria-query": "^5.3.1",
				"axobject-query": "^4.1.0",
				"clsx": "^2.1.1",
				"esm-env": "^1.2.1",
				"esrap": "^2.1.0",
				"is-reference": "^3.0.3",
				"locate-character": "^3.0.0",
				"magic-string": "^0.30.11",
				"zimmerframe": "^1.1.2"
			},
			"engines": {
				"node": ">=18"
			}
		},
		"node_modules/svelte-check": {
			"version": "4.3.1",
			"dev": true,
			"license": "MIT",
			"dependencies": {
				"@jridgewell/trace-mapping": "^0.3.25",
				"chokidar": "^4.0.1",
				"fdir": "^6.2.0",
				"picocolors": "^1.0.0",
				"sade": "^1.7.4"
			},
			"bin": {
				"svelte-check": "bin/svelte-check"
			},
			"engines": {
				"node": ">= 18.0.0"
			},
			"peerDependencies": {
				"svelte": "^4.0.0 || ^5.0.0-next.0",
				"typescript": ">=5.0.0"
			}
		},
		"node_modules/svelte-sonner": {
			"version": "1.0.5",
			"dev": true,
			"license": "MIT",
			"dependencies": {
				"runed": "^0.28.0"
			},
			"peerDependencies": {
				"svelte": "^5.0.0"
			}
		},
		"node_modules/svelte-sonner/node_modules/runed": {
			"version": "0.28.0",
			"dev": true,
			"funding": [
				"https://github.com/sponsors/huntabyte",
				"https://github.com/sponsors/tglide"
			],
			"license": "MIT",
			"dependencies": {
				"esm-env": "^1.0.0"
			},
			"peerDependencies": {
				"svelte": "^5.7.0"
			}
		},
		"node_modules/svelte-toolbelt": {
			"version": "0.7.1",
			"dev": true,
			"funding": [
				"https://github.com/sponsors/huntabyte"
			],
			"dependencies": {
				"clsx": "^2.1.1",
				"runed": "^0.23.2",
				"style-to-object": "^1.0.8"
			},
			"engines": {
				"node": ">=18",
				"pnpm": ">=8.7.0"
			},
			"peerDependencies": {
				"svelte": "^5.0.0"
			}
		},
		"node_modules/tabbable": {
			"version": "6.2.0",
			"dev": true,
			"license": "MIT"
		},
		"node_modules/tailwind-merge": {
			"version": "3.3.1",
			"dev": true,
			"license": "MIT",
			"funding": {
				"type": "github",
				"url": "https://github.com/sponsors/dcastil"
			}
		},
		"node_modules/tailwind-variants": {
			"version": "1.0.0",
			"dev": true,
			"license": "MIT",
			"dependencies": {
				"tailwind-merge": "3.0.2"
			},
			"engines": {
				"node": ">=16.x",
				"pnpm": ">=7.x"
			},
			"peerDependencies": {
				"tailwindcss": "*"
			}
		},
		"node_modules/tailwind-variants/node_modules/tailwind-merge": {
			"version": "3.0.2",
			"dev": true,
			"license": "MIT",
			"funding": {
				"type": "github",
				"url": "https://github.com/sponsors/dcastil"
			}
		},
		"node_modules/tailwindcss": {
			"version": "4.1.11",
			"dev": true,
			"license": "MIT"
		},
		"node_modules/tapable": {
			"version": "2.2.2",
			"dev": true,
			"license": "MIT",
			"engines": {
				"node": ">=6"
			}
		},
		"node_modules/tar": {
			"version": "7.4.3",
			"dev": true,
			"license": "ISC",
			"dependencies": {
				"@isaacs/fs-minipass": "^4.0.0",
				"chownr": "^3.0.0",
				"minipass": "^7.1.2",
				"minizlib": "^3.0.1",
				"mkdirp": "^3.0.1",
				"yallist": "^5.0.0"
			},
			"engines": {
				"node": ">=18"
			}
		},
		"node_modules/tinyglobby": {
			"version": "0.2.14",
			"dev": true,
			"license": "MIT",
			"dependencies": {
				"fdir": "^6.4.4",
				"picomatch": "^4.0.2"
			},
			"engines": {
				"node": ">=12.0.0"
			},
			"funding": {
				"url": "https://github.com/sponsors/SuperchupuDev"
			}
		},
		"node_modules/totalist": {
			"version": "3.0.1",
			"dev": true,
			"license": "MIT",
			"engines": {
				"node": ">=6"
			}
		},
		"node_modules/tslib": {
			"version": "2.8.1",
			"dev": true,
			"license": "0BSD"
		},
		"node_modules/tw-animate-css": {
			"version": "1.3.6",
			"dev": true,
			"license": "MIT",
			"funding": {
				"url": "https://github.com/sponsors/Wombosvideo"
			}
		},
		"node_modules/typescript": {
			"version": "5.9.2",
			"dev": true,
			"license": "Apache-2.0",
			"bin": {
				"tsc": "bin/tsc",
				"tsserver": "bin/tsserver"
			},
			"engines": {
				"node": ">=14.17"
			}
		},
		"node_modules/undici-types": {
			"version": "7.16.0",
			"resolved": "https://registry.npmjs.org/undici-types/-/undici-types-7.16.0.tgz",
			"integrity": "sha512-Zz+aZWSj8LE6zoxD+xrjh4VfkIG8Ya6LvYkZqtUQGJPZjYl53ypCaUwWqo7eI0x66KBGeRo+mlBEkMSeSZ38Nw==",
			"dev": true,
			"license": "MIT"
		},
		"node_modules/vaul-svelte": {
			"version": "1.0.0-next.7",
			"dev": true,
			"license": "MIT",
			"dependencies": {
				"runed": "^0.23.2",
				"svelte-toolbelt": "^0.7.1"
			},
			"engines": {
				"node": ">=18",
				"pnpm": ">=8.7.0"
			},
			"peerDependencies": {
				"svelte": "^5.0.0"
			}
		},
		"node_modules/vite": {
			"version": "6.3.5",
			"dev": true,
			"license": "MIT",
			"dependencies": {
				"esbuild": "^0.25.0",
				"fdir": "^6.4.4",
				"picomatch": "^4.0.2",
				"postcss": "^8.5.3",
				"rollup": "^4.34.9",
				"tinyglobby": "^0.2.13"
			},
			"bin": {
				"vite": "bin/vite.js"
			},
			"engines": {
				"node": "^18.0.0 || ^20.0.0 || >=22.0.0"
			},
			"funding": {
				"url": "https://github.com/vitejs/vite?sponsor=1"
			},
			"optionalDependencies": {
				"fsevents": "~2.3.3"
			},
			"peerDependencies": {
				"@types/node": "^18.0.0 || ^20.0.0 || >=22.0.0",
				"jiti": ">=1.21.0",
				"less": "*",
				"lightningcss": "^1.21.0",
				"sass": "*",
				"sass-embedded": "*",
				"stylus": "*",
				"sugarss": "*",
				"terser": "^5.16.0",
				"tsx": "^4.8.1",
				"yaml": "^2.4.2"
			},
			"peerDependenciesMeta": {
				"@types/node": {
					"optional": true
				},
				"jiti": {
					"optional": true
				},
				"less": {
					"optional": true
				},
				"lightningcss": {
					"optional": true
				},
				"sass": {
					"optional": true
				},
				"sass-embedded": {
					"optional": true
				},
				"stylus": {
					"optional": true
				},
				"sugarss": {
					"optional": true
				},
				"terser": {
					"optional": true
				},
				"tsx": {
					"optional": true
				},
				"yaml": {
					"optional": true
				}
			}
		},
		"node_modules/vitefu": {
			"version": "1.1.1",
			"dev": true,
			"license": "MIT",
			"workspaces": [
				"tests/deps/*",
				"tests/projects/*",
				"tests/projects/workspace/packages/*"
			],
			"peerDependencies": {
				"vite": "^3.0.0 || ^4.0.0 || ^5.0.0 || ^6.0.0 || ^7.0.0-beta.0"
			},
			"peerDependenciesMeta": {
				"vite": {
					"optional": true
				}
			}
		},
		"node_modules/yallist": {
			"version": "5.0.0",
			"dev": true,
			"license": "BlueOak-1.0.0",
			"engines": {
				"node": ">=18"
			}
		},
		"node_modules/zimmerframe": {
			"version": "1.1.2",
			"dev": true,
			"license": "MIT"
		},
		"node_modules/zod": {
			"version": "3.25.76",
			"dev": true,
			"license": "MIT",
			"funding": {
				"url": "https://github.com/sponsors/colinhacks"
			}
		}
	}
}
